
Microsoft Visual Studio Solution File, Format Version 12.00
Project("{FAE04EC0-301F-11D3-BF4B-00C04F79EFBC}") = "Ci_Cd", "Ci_Cd\Ci_Cd.csproj", "{ADBF308E-9FC8-443F-A51F-3D47F195C156}"
EndProject
Global
	GlobalSection(SolutionConfigurationPlatforms) = preSolution
		Debug|Any CPU = Debug|Any CPU
		Release|Any CPU = Release|Any CPU
	EndGlobalSection
	GlobalSection(ProjectConfigurationPlatforms) = postSolution
		{ADBF308E-9FC8-443F-A51F-3D47F195C156}.Debug|Any CPU.ActiveCfg = Debug|Any CPU
		{ADBF308E-9FC8-443F-A51F-3D47F195C156}.Debug|Any CPU.Build.0 = Debug|Any CPU
		{ADBF308E-9FC8-443F-A51F-3D47F195C156}.Release|Any CPU.ActiveCfg = Release|Any CPU
		{ADBF308E-9FC8-443F-A51F-3D47F195C156}.Release|Any CPU.Build.0 = Release|Any CPU
	EndGlobalSection
EndGlobal
